
Microsoft Visual Studio Solution File, Format Version 12.00
# Visual Studio Version 16
VisualStudioVersion = 16.0.30611.23
MinimumVisualStudioVersion = 10.0.40219.1
Project("{FAE04EC0-301F-11D3-BF4B-00C04F79EFBC}") = "SimplexMethod", "SimplexMethod.csproj", "{19D014D0-7B49-4FA3-917C-0D7455157AB3}"
EndProject
Global
	GlobalSection(SolutionConfigurationPlatforms) = preSolution
		Debug|Any CPU = Debug|Any CPU
		Release|Any CPU = Release|Any CPU
	EndGlobalSection
	GlobalSection(ProjectConfigurationPlatforms) = postSolution
		{19D014D0-7B49-4FA3-917C-0D7455157AB3}.Debug|Any CPU.ActiveCfg = Debug|Any CPU
		{19D014D0-7B49-4FA3-917C-0D7455157AB3}.Debug|Any CPU.Build.0 = Debug|Any CPU
		{19D014D0-7B49-4FA3-917C-0D7455157AB3}.Release|Any CPU.ActiveCfg = Release|Any CPU
		{19D014D0-7B49-4FA3-917C-0D7455157AB3}.Release|Any CPU.Build.0 = Release|Any CPU
	EndGlobalSection
	GlobalSection(SolutionProperties) = preSolution
		HideSolutionNode = FALSE
	EndGlobalSection
	GlobalSection(ExtensibilityGlobals) = postSolution
		SolutionGuid = {EE2267BD-9AB4-4B83-A012-AA3CF358F3A9}
	EndGlobalSection
EndGlobal
